{
  "name": "design",
  "lockfileVersion": 3,
  "requires": true,
  "packages": {
    "": {
      "dependencies": {
        "@next/font": "^14.2.15"
      }
    },
    "node_modules/@next/font": {
      "version": "14.2.15",
      "resolved": "https://registry.npmjs.org/@next/font/-/font-14.2.15.tgz",
      "integrity": "sha512-QopYhBmCDDrNDynbi+ZD1hDZXmQXVFo7TmAFp4DQgO/kogz1OLbQ92hPigJbj572eZ3GaaVxNIyYVn3/eAsehg==",
      "license": "MIT",
      "peerDependencies": {
        "next": "*"
      }
    }
  }
}
